
Microsoft Visual Studio Solution File, Format Version 12.00
# Visual Studio Version 16
VisualStudioVersion = 16.0.30907.101
MinimumVisualStudioVersion = 10.0.40219.1
Project("{9A19103F-16F7-4668-BE54-9A1E7A4F7556}") = "Catalog.API", "Catalog.API\Catalog.API.csproj", "{7265F34C-A601-4C7E-B3A1-E6931EAD935D}"
EndProject
Project("{E53339B2-1760-4266-BCC7-CA923CBCF16C}") = "docker-compose", "docker-compose.dcproj", "{05D227D9-76DB-4746-851F-507FF2289468}"
EndProject
Project("{FAE04EC0-301F-11D3-BF4B-00C04F79EFBC}") = "Basket.API", "Basket.API\Basket.API.csproj", "{E277E8EF-C091-439C-B510-C0BCB0331C55}"
EndProject
Project("{2150E333-8FDC-42A3-9474-1A3956D46DE8}") = "Solution Items", "Solution Items", "{D601B5C3-F02D-4979-8BE7-0E4E94F08164}"
	ProjectSection(SolutionItems) = preProject
		.editorconfig = .editorconfig
	EndProjectSection
EndProject
Global
	GlobalSection(SolutionConfigurationPlatforms) = preSolution
		Debug|Any CPU = Debug|Any CPU
		Release|Any CPU = Release|Any CPU
	EndGlobalSection
	GlobalSection(ProjectConfigurationPlatforms) = postSolution
		{7265F34C-A601-4C7E-B3A1-E6931EAD935D}.Debug|Any CPU.ActiveCfg = Debug|Any CPU
		{7265F34C-A601-4C7E-B3A1-E6931EAD935D}.Debug|Any CPU.Build.0 = Debug|Any CPU
		{7265F34C-A601-4C7E-B3A1-E6931EAD935D}.Release|Any CPU.ActiveCfg = Release|Any CPU
		{7265F34C-A601-4C7E-B3A1-E6931EAD935D}.Release|Any CPU.Build.0 = Release|Any CPU
		{05D227D9-76DB-4746-851F-507FF2289468}.Debug|Any CPU.ActiveCfg = Debug|Any CPU
		{05D227D9-76DB-4746-851F-507FF2289468}.Debug|Any CPU.Build.0 = Debug|Any CPU
		{05D227D9-76DB-4746-851F-507FF2289468}.Release|Any CPU.ActiveCfg = Release|Any CPU
		{05D227D9-76DB-4746-851F-507FF2289468}.Release|Any CPU.Build.0 = Release|Any CPU
		{E277E8EF-C091-439C-B510-C0BCB0331C55}.Debug|Any CPU.ActiveCfg = Debug|Any CPU
		{E277E8EF-C091-439C-B510-C0BCB0331C55}.Debug|Any CPU.Build.0 = Debug|Any CPU
		{E277E8EF-C091-439C-B510-C0BCB0331C55}.Release|Any CPU.ActiveCfg = Release|Any CPU
		{E277E8EF-C091-439C-B510-C0BCB0331C55}.Release|Any CPU.Build.0 = Release|Any CPU
	EndGlobalSection
	GlobalSection(SolutionProperties) = preSolution
		HideSolutionNode = FALSE
	EndGlobalSection
	GlobalSection(ExtensibilityGlobals) = postSolution
		SolutionGuid = {5464A534-5687-40B7-B972-61CD751E680B}
	EndGlobalSection
EndGlobal
