
Microsoft Visual Studio Solution File, Format Version 12.00
Project("{2150E333-8FDC-42A3-9474-1A3956D46DE8}") = "Producer", "Producer", "{A5B27187-68E6-4F82-BFEC-35D97790C6AE}"
EndProject
Project("{2150E333-8FDC-42A3-9474-1A3956D46DE8}") = "Consumer", "Consumer", "{50986E9E-3C83-48AC-BFC4-7AAE81696BFA}"
EndProject
Project("{2150E333-8FDC-42A3-9474-1A3956D46DE8}") = "src", "src", "{6AA81AC6-251F-4E58-9E68-EEBFDAF5FE87}"
EndProject
Project("{FAE04EC0-301F-11D3-BF4B-00C04F79EFBC}") = "Producer.Core", "Producer\src\Producer.Core\Producer.Core.csproj", "{6BE250D6-C2B2-40E7-9A60-3E291E8C1B16}"
EndProject
Project("{FAE04EC0-301F-11D3-BF4B-00C04F79EFBC}") = "Producer.Application", "Producer\src\Producer.Application\Producer.Application.csproj", "{37948D4E-76D5-414A-9E0A-60E9BC4A0C26}"
EndProject
Project("{FAE04EC0-301F-11D3-BF4B-00C04F79EFBC}") = "Producer.Infra.Data", "Producer\src\Producer.Infra.Data\Producer.Infra.Data.csproj", "{4C53D95D-94BD-44EC-AAD7-02E02C7FD49C}"
EndProject
Project("{FAE04EC0-301F-11D3-BF4B-00C04F79EFBC}") = "Producer.Api", "Producer\src\Producer.Api\Producer.Api.csproj", "{00C7D970-569F-4BC0-A13E-D75615421816}"
EndProject
Project("{2150E333-8FDC-42A3-9474-1A3956D46DE8}") = "src", "src", "{A75F2310-F481-43A7-B7D5-A8EAB7DE4E23}"
EndProject
Project("{FAE04EC0-301F-11D3-BF4B-00C04F79EFBC}") = "Consumer.Core", "Consumer\src\Consumer.Core\Consumer.Core.csproj", "{E08EDE77-56B3-4999-8B26-2D6F26D9AC87}"
EndProject
Project("{FAE04EC0-301F-11D3-BF4B-00C04F79EFBC}") = "Consumer.Application", "Consumer\src\Consumer.Application\Consumer.Application.csproj", "{F1764845-5084-44AA-AFAC-D18416959797}"
EndProject
Project("{FAE04EC0-301F-11D3-BF4B-00C04F79EFBC}") = "Consumer.Infra", "Consumer\src\Consumer.Infra\Consumer.Infra.csproj", "{B08DA5B0-6FDC-4993-B30F-5B8E7CCB40CA}"
EndProject
Project("{FAE04EC0-301F-11D3-BF4B-00C04F79EFBC}") = "Consume.Api", "Consumer\src\Consume.Api\Consume.Api.csproj", "{60FD929C-F978-4564-A692-014DF0A5FC76}"
EndProject
Project("{2150E333-8FDC-42A3-9474-1A3956D46DE8}") = "Common", "Common", "{D9F852C9-62E6-41D4-BFBF-0CE78F302455}"
EndProject
Project("{FAE04EC0-301F-11D3-BF4B-00C04F79EFBC}") = "Commons", "Common\Commons\Commons.csproj", "{B871571E-0F6A-4F5C-9436-3B6327978080}"
EndProject
Global
	GlobalSection(SolutionConfigurationPlatforms) = preSolution
		Debug|Any CPU = Debug|Any CPU
		Release|Any CPU = Release|Any CPU
	EndGlobalSection
	GlobalSection(NestedProjects) = preSolution
		{6AA81AC6-251F-4E58-9E68-EEBFDAF5FE87} = {A5B27187-68E6-4F82-BFEC-35D97790C6AE}
		{6BE250D6-C2B2-40E7-9A60-3E291E8C1B16} = {6AA81AC6-251F-4E58-9E68-EEBFDAF5FE87}
		{37948D4E-76D5-414A-9E0A-60E9BC4A0C26} = {6AA81AC6-251F-4E58-9E68-EEBFDAF5FE87}
		{4C53D95D-94BD-44EC-AAD7-02E02C7FD49C} = {6AA81AC6-251F-4E58-9E68-EEBFDAF5FE87}
		{00C7D970-569F-4BC0-A13E-D75615421816} = {6AA81AC6-251F-4E58-9E68-EEBFDAF5FE87}
		{A75F2310-F481-43A7-B7D5-A8EAB7DE4E23} = {50986E9E-3C83-48AC-BFC4-7AAE81696BFA}
		{E08EDE77-56B3-4999-8B26-2D6F26D9AC87} = {A75F2310-F481-43A7-B7D5-A8EAB7DE4E23}
		{F1764845-5084-44AA-AFAC-D18416959797} = {A75F2310-F481-43A7-B7D5-A8EAB7DE4E23}
		{B08DA5B0-6FDC-4993-B30F-5B8E7CCB40CA} = {A75F2310-F481-43A7-B7D5-A8EAB7DE4E23}
		{60FD929C-F978-4564-A692-014DF0A5FC76} = {A75F2310-F481-43A7-B7D5-A8EAB7DE4E23}
		{B871571E-0F6A-4F5C-9436-3B6327978080} = {D9F852C9-62E6-41D4-BFBF-0CE78F302455}
	EndGlobalSection
	GlobalSection(ProjectConfigurationPlatforms) = postSolution
		{6BE250D6-C2B2-40E7-9A60-3E291E8C1B16}.Debug|Any CPU.ActiveCfg = Debug|Any CPU
		{6BE250D6-C2B2-40E7-9A60-3E291E8C1B16}.Debug|Any CPU.Build.0 = Debug|Any CPU
		{6BE250D6-C2B2-40E7-9A60-3E291E8C1B16}.Release|Any CPU.ActiveCfg = Release|Any CPU
		{6BE250D6-C2B2-40E7-9A60-3E291E8C1B16}.Release|Any CPU.Build.0 = Release|Any CPU
		{37948D4E-76D5-414A-9E0A-60E9BC4A0C26}.Debug|Any CPU.ActiveCfg = Debug|Any CPU
		{37948D4E-76D5-414A-9E0A-60E9BC4A0C26}.Debug|Any CPU.Build.0 = Debug|Any CPU
		{37948D4E-76D5-414A-9E0A-60E9BC4A0C26}.Release|Any CPU.ActiveCfg = Release|Any CPU
		{37948D4E-76D5-414A-9E0A-60E9BC4A0C26}.Release|Any CPU.Build.0 = Release|Any CPU
		{4C53D95D-94BD-44EC-AAD7-02E02C7FD49C}.Debug|Any CPU.ActiveCfg = Debug|Any CPU
		{4C53D95D-94BD-44EC-AAD7-02E02C7FD49C}.Debug|Any CPU.Build.0 = Debug|Any CPU
		{4C53D95D-94BD-44EC-AAD7-02E02C7FD49C}.Release|Any CPU.ActiveCfg = Release|Any CPU
		{4C53D95D-94BD-44EC-AAD7-02E02C7FD49C}.Release|Any CPU.Build.0 = Release|Any CPU
		{00C7D970-569F-4BC0-A13E-D75615421816}.Debug|Any CPU.ActiveCfg = Debug|Any CPU
		{00C7D970-569F-4BC0-A13E-D75615421816}.Debug|Any CPU.Build.0 = Debug|Any CPU
		{00C7D970-569F-4BC0-A13E-D75615421816}.Release|Any CPU.ActiveCfg = Release|Any CPU
		{00C7D970-569F-4BC0-A13E-D75615421816}.Release|Any CPU.Build.0 = Release|Any CPU
		{E08EDE77-56B3-4999-8B26-2D6F26D9AC87}.Debug|Any CPU.ActiveCfg = Debug|Any CPU
		{E08EDE77-56B3-4999-8B26-2D6F26D9AC87}.Debug|Any CPU.Build.0 = Debug|Any CPU
		{E08EDE77-56B3-4999-8B26-2D6F26D9AC87}.Release|Any CPU.ActiveCfg = Release|Any CPU
		{E08EDE77-56B3-4999-8B26-2D6F26D9AC87}.Release|Any CPU.Build.0 = Release|Any CPU
		{F1764845-5084-44AA-AFAC-D18416959797}.Debug|Any CPU.ActiveCfg = Debug|Any CPU
		{F1764845-5084-44AA-AFAC-D18416959797}.Debug|Any CPU.Build.0 = Debug|Any CPU
		{F1764845-5084-44AA-AFAC-D18416959797}.Release|Any CPU.ActiveCfg = Release|Any CPU
		{F1764845-5084-44AA-AFAC-D18416959797}.Release|Any CPU.Build.0 = Release|Any CPU
		{B08DA5B0-6FDC-4993-B30F-5B8E7CCB40CA}.Debug|Any CPU.ActiveCfg = Debug|Any CPU
		{B08DA5B0-6FDC-4993-B30F-5B8E7CCB40CA}.Debug|Any CPU.Build.0 = Debug|Any CPU
		{B08DA5B0-6FDC-4993-B30F-5B8E7CCB40CA}.Release|Any CPU.ActiveCfg = Release|Any CPU
		{B08DA5B0-6FDC-4993-B30F-5B8E7CCB40CA}.Release|Any CPU.Build.0 = Release|Any CPU
		{60FD929C-F978-4564-A692-014DF0A5FC76}.Debug|Any CPU.ActiveCfg = Debug|Any CPU
		{60FD929C-F978-4564-A692-014DF0A5FC76}.Debug|Any CPU.Build.0 = Debug|Any CPU
		{60FD929C-F978-4564-A692-014DF0A5FC76}.Release|Any CPU.ActiveCfg = Release|Any CPU
		{60FD929C-F978-4564-A692-014DF0A5FC76}.Release|Any CPU.Build.0 = Release|Any CPU
		{B871571E-0F6A-4F5C-9436-3B6327978080}.Debug|Any CPU.ActiveCfg = Debug|Any CPU
		{B871571E-0F6A-4F5C-9436-3B6327978080}.Debug|Any CPU.Build.0 = Debug|Any CPU
		{B871571E-0F6A-4F5C-9436-3B6327978080}.Release|Any CPU.ActiveCfg = Release|Any CPU
		{B871571E-0F6A-4F5C-9436-3B6327978080}.Release|Any CPU.Build.0 = Release|Any CPU
	EndGlobalSection
EndGlobal
