
Microsoft Visual Studio Solution File, Format Version 12.00
# Visual Studio Version 16
VisualStudioVersion = 16.0.31424.327
MinimumVisualStudioVersion = 10.0.40219.1
Project("{FAE04EC0-301F-11D3-BF4B-00C04F79EFBC}") = "ProducerWebApp", "ProducerWebApp\ProducerWebApp.csproj", "{A2AF822F-2217-409F-B807-3C2CE8210582}"
EndProject
Global
	GlobalSection(SolutionConfigurationPlatforms) = preSolution
		Debug|Any CPU = Debug|Any CPU
		Release|Any CPU = Release|Any CPU
	EndGlobalSection
	GlobalSection(ProjectConfigurationPlatforms) = postSolution
		{A2AF822F-2217-409F-B807-3C2CE8210582}.Debug|Any CPU.ActiveCfg = Debug|Any CPU
		{A2AF822F-2217-409F-B807-3C2CE8210582}.Debug|Any CPU.Build.0 = Debug|Any CPU
		{A2AF822F-2217-409F-B807-3C2CE8210582}.Release|Any CPU.ActiveCfg = Release|Any CPU
		{A2AF822F-2217-409F-B807-3C2CE8210582}.Release|Any CPU.Build.0 = Release|Any CPU
	EndGlobalSection
	GlobalSection(SolutionProperties) = preSolution
		HideSolutionNode = FALSE
	EndGlobalSection
	GlobalSection(ExtensibilityGlobals) = postSolution
		SolutionGuid = {892A672A-199B-4DA1-8289-3AD663FE01EF}
	EndGlobalSection
EndGlobal
