
Microsoft Visual Studio Solution File, Format Version 12.00
# Visual Studio Version 17
VisualStudioVersion = 17.0.31903.59
MinimumVisualStudioVersion = 10.0.40219.1
Project("{2150E333-8FDC-42A3-9474-1A3956D46DE8}") = "ProducerExemple", "ProducerExemple", "{8F95381E-A72A-4D5B-91CF-CC8641800E15}"
EndProject
Project("{2150E333-8FDC-42A3-9474-1A3956D46DE8}") = "ConsumerExemple", "ConsumerExemple", "{14CC16C7-6DFE-48F3-BEB5-615A42320F9C}"
EndProject
Project("{2150E333-8FDC-42A3-9474-1A3956D46DE8}") = "Commons", "Commons", "{101D4446-1920-4864-BA4A-4ACA49C5B8CC}"
EndProject
Project("{9A19103F-16F7-4668-BE54-9A1E7A4F7556}") = "Commons", "Commons\Commons\Commons.csproj", "{1A402DD9-835C-47DC-97B3-AD7F830689A7}"
EndProject
Project("{9A19103F-16F7-4668-BE54-9A1E7A4F7556}") = "ProducerExemple.Domain", "ProducerExemple\src\ProducerExemple.Domain\ProducerExemple.Domain.csproj", "{10244104-46AD-4657-8DCE-3CACC4997CFD}"
EndProject
Project("{9A19103F-16F7-4668-BE54-9A1E7A4F7556}") = "ProducerExemple.Application", "ProducerExemple\src\ProducerExemple.Application\ProducerExemple.Application.csproj", "{73F3C4D9-912B-4C17-8A95-BAEB6AEBADFB}"
EndProject
Project("{9A19103F-16F7-4668-BE54-9A1E7A4F7556}") = "ProducerExemple.Infra.Data", "ProducerExemple\src\ProducerExemple.Infra.Data\ProducerExemple.Infra.Data.csproj", "{79034427-C057-461E-96BA-1A49DD820FCD}"
EndProject
Project("{9A19103F-16F7-4668-BE54-9A1E7A4F7556}") = "ProducerExemple.Infra.IoC", "ProducerExemple\src\ProducerExemple.Infra.IoC\ProducerExemple.Infra.IoC.csproj", "{83B56322-FAAB-4599-8782-4C3AE11D93D6}"
EndProject
Project("{9A19103F-16F7-4668-BE54-9A1E7A4F7556}") = "ProducerExemple.Api", "ProducerExemple\src\ProducerExemple.Api\ProducerExemple.Api.csproj", "{7299805E-38D6-4778-AA42-513AB1461665}"
EndProject
Project("{2150E333-8FDC-42A3-9474-1A3956D46DE8}") = "src", "src", "{24F0010F-A9BE-4A80-A2DA-CC2541882723}"
EndProject
Project("{2150E333-8FDC-42A3-9474-1A3956D46DE8}") = "tests", "tests", "{D9A26821-18C3-49D7-BBCE-0349697E1351}"
EndProject
Project("{2150E333-8FDC-42A3-9474-1A3956D46DE8}") = "src", "src", "{FCE57BC7-3AAC-48ED-BC73-D2A874EE1C4E}"
EndProject
Project("{2150E333-8FDC-42A3-9474-1A3956D46DE8}") = "tests", "tests", "{CCBE2821-47C1-45FA-A378-894991E3F7C6}"
EndProject
Project("{FAE04EC0-301F-11D3-BF4B-00C04F79EFBC}") = "ConsumerExemple.Domain", "ConsumerExemple\src\ConsumerExemple.Domain\ConsumerExemple.Domain.csproj", "{1DE7EC62-3417-4AEB-B015-BC30A5936166}"
EndProject
Project("{FAE04EC0-301F-11D3-BF4B-00C04F79EFBC}") = "ConsumerExemple.Application", "ConsumerExemple\src\ConsumerExemple.Application\ConsumerExemple.Application.csproj", "{10290050-CCA5-43DF-A9B1-1C5F158AE6B1}"
EndProject
Project("{FAE04EC0-301F-11D3-BF4B-00C04F79EFBC}") = "ConsumerExemple.Infra.Data", "ConsumerExemple\src\ConsumerExemple.Infra.Data\ConsumerExemple.Infra.Data.csproj", "{FD61DD4E-D6F5-4CB2-AF0E-19B17B4C528E}"
EndProject
Project("{FAE04EC0-301F-11D3-BF4B-00C04F79EFBC}") = "ConsumerExemple.Infra.IoC", "ConsumerExemple\src\ConsumerExemple.Infra.IoC\ConsumerExemple.Infra.IoC.csproj", "{FA69E70C-7FC7-42F8-BCAE-471AD08CCF69}"
EndProject
Project("{FAE04EC0-301F-11D3-BF4B-00C04F79EFBC}") = "ConsumerExemple.Api", "ConsumerExemple\src\ConsumerExemple.Api\ConsumerExemple.Api.csproj", "{47F3DDFA-5C0F-4E3D-9C91-EC3A7D425608}"
EndProject
Global
	GlobalSection(SolutionConfigurationPlatforms) = preSolution
		Debug|Any CPU = Debug|Any CPU
		Release|Any CPU = Release|Any CPU
	EndGlobalSection
	GlobalSection(ProjectConfigurationPlatforms) = postSolution
		{1A402DD9-835C-47DC-97B3-AD7F830689A7}.Debug|Any CPU.ActiveCfg = Debug|Any CPU
		{1A402DD9-835C-47DC-97B3-AD7F830689A7}.Debug|Any CPU.Build.0 = Debug|Any CPU
		{1A402DD9-835C-47DC-97B3-AD7F830689A7}.Release|Any CPU.ActiveCfg = Release|Any CPU
		{1A402DD9-835C-47DC-97B3-AD7F830689A7}.Release|Any CPU.Build.0 = Release|Any CPU
		{10244104-46AD-4657-8DCE-3CACC4997CFD}.Debug|Any CPU.ActiveCfg = Debug|Any CPU
		{10244104-46AD-4657-8DCE-3CACC4997CFD}.Debug|Any CPU.Build.0 = Debug|Any CPU
		{10244104-46AD-4657-8DCE-3CACC4997CFD}.Release|Any CPU.ActiveCfg = Release|Any CPU
		{10244104-46AD-4657-8DCE-3CACC4997CFD}.Release|Any CPU.Build.0 = Release|Any CPU
		{73F3C4D9-912B-4C17-8A95-BAEB6AEBADFB}.Debug|Any CPU.ActiveCfg = Debug|Any CPU
		{73F3C4D9-912B-4C17-8A95-BAEB6AEBADFB}.Debug|Any CPU.Build.0 = Debug|Any CPU
		{73F3C4D9-912B-4C17-8A95-BAEB6AEBADFB}.Release|Any CPU.ActiveCfg = Release|Any CPU
		{73F3C4D9-912B-4C17-8A95-BAEB6AEBADFB}.Release|Any CPU.Build.0 = Release|Any CPU
		{79034427-C057-461E-96BA-1A49DD820FCD}.Debug|Any CPU.ActiveCfg = Debug|Any CPU
		{79034427-C057-461E-96BA-1A49DD820FCD}.Debug|Any CPU.Build.0 = Debug|Any CPU
		{79034427-C057-461E-96BA-1A49DD820FCD}.Release|Any CPU.ActiveCfg = Release|Any CPU
		{79034427-C057-461E-96BA-1A49DD820FCD}.Release|Any CPU.Build.0 = Release|Any CPU
		{83B56322-FAAB-4599-8782-4C3AE11D93D6}.Debug|Any CPU.ActiveCfg = Debug|Any CPU
		{83B56322-FAAB-4599-8782-4C3AE11D93D6}.Debug|Any CPU.Build.0 = Debug|Any CPU
		{83B56322-FAAB-4599-8782-4C3AE11D93D6}.Release|Any CPU.ActiveCfg = Release|Any CPU
		{83B56322-FAAB-4599-8782-4C3AE11D93D6}.Release|Any CPU.Build.0 = Release|Any CPU
		{7299805E-38D6-4778-AA42-513AB1461665}.Debug|Any CPU.ActiveCfg = Debug|Any CPU
		{7299805E-38D6-4778-AA42-513AB1461665}.Debug|Any CPU.Build.0 = Debug|Any CPU
		{7299805E-38D6-4778-AA42-513AB1461665}.Release|Any CPU.ActiveCfg = Release|Any CPU
		{7299805E-38D6-4778-AA42-513AB1461665}.Release|Any CPU.Build.0 = Release|Any CPU
		{1DE7EC62-3417-4AEB-B015-BC30A5936166}.Debug|Any CPU.ActiveCfg = Debug|Any CPU
		{1DE7EC62-3417-4AEB-B015-BC30A5936166}.Debug|Any CPU.Build.0 = Debug|Any CPU
		{1DE7EC62-3417-4AEB-B015-BC30A5936166}.Release|Any CPU.ActiveCfg = Release|Any CPU
		{1DE7EC62-3417-4AEB-B015-BC30A5936166}.Release|Any CPU.Build.0 = Release|Any CPU
		{10290050-CCA5-43DF-A9B1-1C5F158AE6B1}.Debug|Any CPU.ActiveCfg = Debug|Any CPU
		{10290050-CCA5-43DF-A9B1-1C5F158AE6B1}.Debug|Any CPU.Build.0 = Debug|Any CPU
		{10290050-CCA5-43DF-A9B1-1C5F158AE6B1}.Release|Any CPU.ActiveCfg = Release|Any CPU
		{10290050-CCA5-43DF-A9B1-1C5F158AE6B1}.Release|Any CPU.Build.0 = Release|Any CPU
		{FD61DD4E-D6F5-4CB2-AF0E-19B17B4C528E}.Debug|Any CPU.ActiveCfg = Debug|Any CPU
		{FD61DD4E-D6F5-4CB2-AF0E-19B17B4C528E}.Debug|Any CPU.Build.0 = Debug|Any CPU
		{FD61DD4E-D6F5-4CB2-AF0E-19B17B4C528E}.Release|Any CPU.ActiveCfg = Release|Any CPU
		{FD61DD4E-D6F5-4CB2-AF0E-19B17B4C528E}.Release|Any CPU.Build.0 = Release|Any CPU
		{FA69E70C-7FC7-42F8-BCAE-471AD08CCF69}.Debug|Any CPU.ActiveCfg = Debug|Any CPU
		{FA69E70C-7FC7-42F8-BCAE-471AD08CCF69}.Debug|Any CPU.Build.0 = Debug|Any CPU
		{FA69E70C-7FC7-42F8-BCAE-471AD08CCF69}.Release|Any CPU.ActiveCfg = Release|Any CPU
		{FA69E70C-7FC7-42F8-BCAE-471AD08CCF69}.Release|Any CPU.Build.0 = Release|Any CPU
		{47F3DDFA-5C0F-4E3D-9C91-EC3A7D425608}.Debug|Any CPU.ActiveCfg = Debug|Any CPU
		{47F3DDFA-5C0F-4E3D-9C91-EC3A7D425608}.Debug|Any CPU.Build.0 = Debug|Any CPU
		{47F3DDFA-5C0F-4E3D-9C91-EC3A7D425608}.Release|Any CPU.ActiveCfg = Release|Any CPU
		{47F3DDFA-5C0F-4E3D-9C91-EC3A7D425608}.Release|Any CPU.Build.0 = Release|Any CPU
	EndGlobalSection
	GlobalSection(SolutionProperties) = preSolution
		HideSolutionNode = FALSE
	EndGlobalSection
	GlobalSection(NestedProjects) = preSolution
		{1A402DD9-835C-47DC-97B3-AD7F830689A7} = {101D4446-1920-4864-BA4A-4ACA49C5B8CC}
		{10244104-46AD-4657-8DCE-3CACC4997CFD} = {24F0010F-A9BE-4A80-A2DA-CC2541882723}
		{73F3C4D9-912B-4C17-8A95-BAEB6AEBADFB} = {24F0010F-A9BE-4A80-A2DA-CC2541882723}
		{79034427-C057-461E-96BA-1A49DD820FCD} = {24F0010F-A9BE-4A80-A2DA-CC2541882723}
		{83B56322-FAAB-4599-8782-4C3AE11D93D6} = {24F0010F-A9BE-4A80-A2DA-CC2541882723}
		{7299805E-38D6-4778-AA42-513AB1461665} = {24F0010F-A9BE-4A80-A2DA-CC2541882723}
		{24F0010F-A9BE-4A80-A2DA-CC2541882723} = {8F95381E-A72A-4D5B-91CF-CC8641800E15}
		{D9A26821-18C3-49D7-BBCE-0349697E1351} = {8F95381E-A72A-4D5B-91CF-CC8641800E15}
		{FCE57BC7-3AAC-48ED-BC73-D2A874EE1C4E} = {14CC16C7-6DFE-48F3-BEB5-615A42320F9C}
		{CCBE2821-47C1-45FA-A378-894991E3F7C6} = {14CC16C7-6DFE-48F3-BEB5-615A42320F9C}
		{1DE7EC62-3417-4AEB-B015-BC30A5936166} = {FCE57BC7-3AAC-48ED-BC73-D2A874EE1C4E}
		{10290050-CCA5-43DF-A9B1-1C5F158AE6B1} = {FCE57BC7-3AAC-48ED-BC73-D2A874EE1C4E}
		{FD61DD4E-D6F5-4CB2-AF0E-19B17B4C528E} = {FCE57BC7-3AAC-48ED-BC73-D2A874EE1C4E}
		{FA69E70C-7FC7-42F8-BCAE-471AD08CCF69} = {FCE57BC7-3AAC-48ED-BC73-D2A874EE1C4E}
		{47F3DDFA-5C0F-4E3D-9C91-EC3A7D425608} = {FCE57BC7-3AAC-48ED-BC73-D2A874EE1C4E}
	EndGlobalSection
	GlobalSection(ExtensibilityGlobals) = postSolution
		SolutionGuid = {56C949F4-51AC-40C3-AC14-62EB944FD106}
	EndGlobalSection
EndGlobal
